// !$*UTF8*$!
{
	archiveVersion = 1;
	classes = {
	};
	objectVersion = 46;
	objects = {

/* Begin PBXBuildFile section */
		DF882CAE1F6BC9EC00055A97 /* AppDelegate.swift in Sources */ = {isa = PBXBuildFile; fileRef = DF882CAD1F6BC9EC00055A97 /* AppDelegate.swift */; };
		DF882CB01F6BC9EC00055A97 /* ViewController.swift in Sources */ = {isa = PBXBuildFile; fileRef = DF882CAF1F6BC9EC00055A97 /* ViewController.swift */; };
		DF882CB31F6BC9EC00055A97 /* Main.storyboard in Resources */ = {isa = PBXBuildFile; fileRef = DF882CB11F6BC9EC00055A97 /* Main.storyboard */; };
		DF882CB51F6BC9EC00055A97 /* Assets.xcassets in Resources */ = {isa = PBXBuildFile; fileRef = DF882CB41F6BC9EC00055A97 /* Assets.xcassets */; };
		DF882CB81F6BC9EC00055A97 /* LaunchScreen.storyboard in Resources */ = {isa = PBXBuildFile; fileRef = DF882CB61F6BC9EC00055A97 /* LaunchScreen.storyboard */; };
/* End PBXBuildFile section */

/* Begin PBXFileReference section */
		DF882CAA1F6BC9EC00055A97 /* MyApp02.app */ = {isa = PBXFileReference; explicitFileType = wrapper.application; includeInIndex = 0; path = MyApp02.app; sourceTree = BUILT_PRODUCTS_DIR; };
		DF882CAD1F6BC9EC00055A97 /* AppDelegate.swift */ = {isa = PBXFileReference; lastKnownFileType = sourcecode.swift; path = AppDelegate.swift; sourceTree = "<group>"; };
		DF882CAF1F6BC9EC00055A97 /* ViewController.swift */ = {isa = PBXFileReference; lastKnownFileType = sourcecode.swift; path = ViewController.swift; sourceTree = "<group>"; };
		DF882CB21F6BC9EC00055A97 /* Base */ = {isa = PBXFileReference; lastKnownFileType = file.storyboard; name = Base; path = Base.lproj/Main.storyboard; sourceTree = "<group>"; };
		DF882CB41F6BC9EC00055A97 /* Assets.xcassets */ = {isa = PBXFileReference; lastKnownFileType = folder.assetcatalog; path = Assets.xcassets; sourceTree = "<group>"; };
		DF882CB71F6BC9EC00055A97 /* Base */ = {isa = PBXFileReference; lastKnownFileType = file.storyboard; name = Base; path = Base.lproj/LaunchScreen.storyboard; sourceTree = "<group>"; };
		DF882CB91F6BC9EC00055A97 /* Info.plist */ = {isa = PBXFileReference; lastKnownFileType = text.plist.xml; path = Info.plist; sourceTree = "<group>"; };
/* End PBXFileReference section */

/* Begin PBXFrameworksBuildPhase section */
		DF882CA71F6BC9EC00055A97 /* Frameworks */ = {
			isa = PBXFrameworksBuildPhase;
			buildActionMask = 2147483647;
			files = (
			);
			runOnlyForDeploymentPostprocessing = 0;
		};
/* End PBXFrameworksBuildPhase section */

/* Begin PBXGroup section */
		DF882CA11F6BC9EC00055A97 = {
			isa = PBXGroup;
			children = (
				DF882CAC1F6BC9EC00055A97 /* MyApp02 */,
				DF882CAB1F6BC9EC00055A97 /* Products */,
			);
			sourceTree = "<group>";
		};
		DF882CAB1F6BC9EC00055A97 /* Products */ = {
			isa = PBXGroup;
			children = (
				DF882CAA1F6BC9EC00055A97 /* MyApp02.app */,
			);
			name = Products;
			sourceTree = "<group>";
		};
		DF882CAC1F6BC9EC00055A97 /* MyApp02 */ = {
			isa = PBXGroup;
			children = (
				DF882CAD1F6BC9EC00055A97 /* AppDelegate.swift */,
				DF882CAF1F6BC9EC00055A97 /* ViewController.swift */,
				DF882CB11F6BC9EC00055A97 /* Main.storyboard */,
				DF882CB41F6BC9EC00055A97 /* Assets.xcassets */,
				DF882CB61F6BC9EC00055A97 /* LaunchScreen.storyboard */,
				DF882CB91F6BC9EC00055A97 /* Info.plist */,
			);
			path = MyApp02;
			sourceTree = "<group>";
		};
/* End PBXGroup section */

/* Begin PBXNativeTarget section */
		DF882CA91F6BC9EC00055A97 /* MyApp02 */ = {
			isa = PBXNativeTarget;
			buildConfigurationList = DF882CBC1F6BC9EC00055A97 /* Build configuration list for PBXNativeTarget "MyApp02" */;
			buildPhases = (
				DF882CA61F6BC9EC00055A97 /* Sources */,
				DF882CA71F6BC9EC00055A97 /* Frameworks */,
				DF882CA81F6BC9EC00055A97 /* Resources */,
			);
			buildRules = (
			);
			dependencies = (
			);
			name = MyApp02;
			productName = MyApp02;
			productReference = DF882CAA1F6BC9EC00055A97 /* MyApp02.app */;
			productType = "com.apple.product-type.application";
		};
/* End PBXNativeTarget section */

/* Begin PBXProject section */
		DF882CA21F6BC9EC00055A97 /* Project object */ = {
			isa = PBXProject;
			attributes = {
				LastSwiftUpdateCheck = 0830;
				LastUpgradeCheck = 0830;
				ORGANIZATIONNAME = sunni;
				TargetAttributes = {
					DF882CA91F6BC9EC00055A97 = {
						CreatedOnToolsVersion = 8.3.3;
						DevelopmentTeam = MS5N5V7Y5J;
						ProvisioningStyle = Automatic;
					};
				};
			};
			buildConfigurationList = DF882CA51F6BC9EC00055A97 /* Build configuration list for PBXProject "MyApp02" */;
			compatibilityVersion = "Xcode 3.2";
			developmentRegion = English;
			hasScannedForEncodings = 0;
			knownRegions = (
				en,
				Base,
			);
			mainGroup = DF882CA11F6BC9EC00055A97;
			productRefGroup = DF882CAB1F6BC9EC00055A97 /* Products */;
			projectDirPath = "";
			projectRoot = "";
			targets = (
				DF882CA91F6BC9EC00055A97 /* MyApp02 */,
			);
		};
/* End PBXProject section */

/* Begin PBXResourcesBuildPhase section */
		DF882CA81F6BC9EC00055A97 /* Resources */ = {
			isa = PBXResourcesBuildPhase;
			buildActionMask = 2147483647;
			files = (
				DF882CB81F6BC9EC00055A97 /* LaunchScreen.storyboard in Resources */,
				DF882CB51F6BC9EC00055A97 /* Assets.xcassets in Resources */,
				DF882CB31F6BC9EC00055A97 /* Main.storyboard in Resources */,
			);
			runOnlyForDeploymentPostprocessing = 0;
		};
/* End PBXResourcesBuildPhase section */

/* Begin PBXSourcesBuildPhase section */
		DF882CA61F6BC9EC00055A97 /* Sources */ = {
			isa = PBXSourcesBuildPhase;
			buildActionMask = 2147483647;
			files = (
				DF882CB01F6BC9EC00055A97 /* ViewController.swift in Sources */,
				DF882CAE1F6BC9EC00055A97 /* AppDelegate.swift in Sources */,
			);
			runOnlyForDeploymentPostprocessing = 0;
		};
/* End PBXSourcesBuildPhase section */

/* Begin PBXVariantGroup section */
		DF882CB11F6BC9EC00055A97 /* Main.storyboard */ = {
			isa = PBXVariantGroup;
			children = (
				DF882CB21F6BC9EC00055A97 /* Base */,
			);
			name = Main.storyboard;
			sourceTree = "<group>";
		};
		DF882CB61F6BC9EC00055A97 /* LaunchScreen.storyboard */ = {
			isa = PBXVariantGroup;
			children = (
				DF882CB71F6BC9EC00055A97 /* Base */,
			);
			name = LaunchScreen.storyboard;
			sourceTree = "<group>";
		};
/* End PBXVariantGroup section */

/* Begin XCBuildConfiguration section */
		DF882CBA1F6BC9EC00055A97 /* Debug */ = {
			isa = XCBuildConfiguration;
			buildSettings = {
				ALWAYS_SEARCH_USER_PATHS = NO;
				CLANG_ANALYZER_NONNULL = YES;
				CLANG_ANALYZER_NUMBER_OBJECT_CONVERSION = YES_AGGRESSIVE;
				CLANG_CXX_LANGUAGE_STANDARD = "gnu++0x";
				CLANG_CXX_LIBRARY = "libc++";
				CLANG_ENABLE_MODULES = YES;
				CLANG_ENABLE_OBJC_ARC = YES;
				CLANG_WARN_BOOL_CONVERSION = YES;
				CLANG_WARN_CONSTANT_CONVERSION = YES;
				CLANG_WARN_DIRECT_OBJC_ISA_USAGE = YES_ERROR;
				CLANG_WARN_DOCUMENTATION_COMMENTS = YES;
				CLANG_WARN_EMPTY_BODY = YES;
				CLANG_WARN_ENUM_CONVERSION = YES;
				CLANG_WARN_INFINITE_RECURSION = YES;
				CLANG_WARN_INT_CONVERSION = YES;
				CLANG_WARN_OBJC_ROOT_CLASS = YES_ERROR;
				CLANG_WARN_SUSPICIOUS_MOVE = YES;
				CLANG_WARN_UNREACHABLE_CODE = YES;
				CLANG_WARN__DUPLICATE_METHOD_MATCH = YES;
				"CODE_SIGN_IDENTITY[sdk=iphoneos*]" = "iPhone Developer";
				COPY_PHASE_STRIP = NO;
				DEBUG_INFORMATION_FORMAT = dwarf;
				ENABLE_STRICT_OBJC_MSGSEND = YES;
				ENABLE_TESTABILITY = YES;
				GCC_C_LANGUAGE_STANDARD = gnu99;
				GCC_DYNAMIC_NO_PIC = NO;
				GCC_NO_COMMON_BLOCKS = YES;
				GCC_OPTIMIZATION_LEVEL = 0;
				GCC_PREPROCESSOR_DEFINITIONS = (
					"DEBUG=1",
					"$(inherited)",
				);
				GCC_WARN_64_TO_32_BIT_CONVERSION = YES;
				GCC_WARN_ABOUT_RETURN_TYPE = YES_ERROR;
				GCC_WARN_UNDECLARED_SELECTOR = YES;
				GCC_WARN_UNINITIALIZED_AUTOS = YES_AGGRESSIVE;
				GCC_WARN_UNUSED_FUNCTION = YES;
				GCC_WARN_UNUSED_VARIABLE = YES;
				IPHONEOS_DEPLOYMENT_TARGET = 10.3;
				MTL_ENABLE_DEBUG_INFO = YES;
				ONLY_ACTIVE_ARCH = YES;
				SDKROOT = iphoneos;
				SWIFT_ACTIVE_COMPILATION_CONDITIONS = DEBUG;
				SWIFT_OPTIMIZATION_LEVEL = "-Onone";
				TARGETED_DEVICE_FAMILY = "1,2";
			};
			name = Debug;
		};
		DF882CBB1F6BC9EC00055A97 /* Release */ = {
			isa = XCBuildConfiguration;
			buildSettings = {
				ALWAYS_SEARCH_USER_PATHS = NO;
				CLANG_ANALYZER_NONNULL = YES;
				CLANG_ANALYZER_NUMBER_OBJECT_CONVERSION = YES_AGGRESSIVE;
				CLANG_CXX_LANGUAGE_STANDARD = "gnu++0x";
				CLANG_CXX_LIBRARY = "libc++";
				CLANG_ENABLE_MODULES = YES;
				CLANG_ENABLE_OBJC_ARC = YES;
				CLANG_WARN_BOOL_CONVERSION = YES;
				CLANG_WARN_CONSTANT_CONVERSION = YES;
				CLANG_WARN_DIRECT_OBJC_ISA_USAGE = YES_ERROR;
				CLANG_WARN_DOCUMENTATION_COMMENTS = YES;
				CLANG_WARN_EMPTY_BODY = YES;
				CLANG_WARN_ENUM_CONVERSION = YES;
				CLANG_WARN_INFINITE_RECURSION = YES;
				CLANG_WARN_INT_CONVERSION = YES;
				CLANG_WARN_OBJC_ROOT_CLASS = YES_ERROR;
				CLANG_WARN_SUSPICIOUS_MOVE = YES;
				CLANG_WARN_UNREACHABLE_CODE = YES;
				CLANG_WARN__DUPLICATE_METHOD_MATCH = YES;
				"CODE_SIGN_IDENTITY[sdk=iphoneos*]" = "iPhone Developer";
				COPY_PHASE_STRIP = NO;
				DEBUG_INFORMATION_FORMAT = "dwarf-with-dsym";
				ENABLE_NS_ASSERTIONS = NO;
				ENABLE_STRICT_OBJC_MSGSEND = YES;
				GCC_C_LANGUAGE_STANDARD = gnu99;
				GCC_NO_COMMON_BLOCKS = YES;
				GCC_WARN_64_TO_32_BIT_CONVERSION = YES;
				GCC_WARN_ABOUT_RETURN_TYPE = YES_ERROR;
				GCC_WARN_UNDECLARED_SELECTOR = YES;
				GCC_WARN_UNINITIALIZED_AUTOS = YES_AGGRESSIVE;
				GCC_WARN_UNUSED_FUNCTION = YES;
				GCC_WARN_UNUSED_VARIABLE = YES;
				IPHONEOS_DEPLOYMENT_TARGET = 10.3;
				MTL_ENABLE_DEBUG_INFO = NO;
				SDKROOT = iphoneos;
				SWIFT_OPTIMIZATION_LEVEL = "-Owholemodule";
				TARGETED_DEVICE_FAMILY = "1,2";
				VALIDATE_PRODUCT = YES;
			};
			name = Release;
		};
		DF882CBD1F6BC9EC00055A97 /* Debug */ = {
			isa = XCBuildConfiguration;
			buildSettings = {
				ASSETCATALOG_COMPILER_APPICON_NAME = AppIcon;
				DEVELOPMENT_TEAM = MS5N5V7Y5J;
				INFOPLIST_FILE = MyApp02/Info.plist;
				LD_RUNPATH_SEARCH_PATHS = "$(inherited) @executable_path/Frameworks";
				PRODUCT_BUNDLE_IDENTIFIER = tw.org.iii.MyApp02;
				PRODUCT_NAME = "$(TARGET_NAME)";
				SWIFT_VERSION = 3.0;
			};
			name = Debug;
		};
		DF882CBE1F6BC9EC00055A97 /* Release */ = {
			isa = XCBuildConfiguration;
			buildSettings = {
				ASSETCATALOG_COMPILER_APPICON_NAME = AppIcon;
				DEVELOPMENT_TEAM = MS5N5V7Y5J;
				INFOPLIST_FILE = MyApp02/Info.plist;
				LD_RUNPATH_SEARCH_PATHS = "$(inherited) @executable_path/Frameworks";
				PRODUCT_BUNDLE_IDENTIFIER = tw.org.iii.MyApp02;
				PRODUCT_NAME = "$(TARGET_NAME)";
				SWIFT_VERSION = 3.0;
			};
			name = Release;
		};
/* End XCBuildConfiguration section */

/* Begin XCConfigurationList section */
		DF882CA51F6BC9EC00055A97 /* Build configuration list for PBXProject "MyApp02" */ = {
			isa = XCConfigurationList;
			buildConfigurations = (
				DF882CBA1F6BC9EC00055A97 /* Debug */,
				DF882CBB1F6BC9EC00055A97 /* Release */,
			);
			defaultConfigurationIsVisible = 0;
			defaultConfigurationName = Release;
		};
		DF882CBC1F6BC9EC00055A97 /* Build configuration list for PBXNativeTarget "MyApp02" */ = {
			isa = XCConfigurationList;
			buildConfigurations = (
				DF882CBD1F6BC9EC00055A97 /* Debug */,
				DF882CBE1F6BC9EC00055A97 /* Release */,
			);
			defaultConfigurationIsVisible = 0;
		};
/* End XCConfigurationList section */
	};
	rootObject = DF882CA21F6BC9EC00055A97 /* Project object */;
}
